
Microsoft Visual Studio Solution File, Format Version 12.00
# Visual Studio Version 17
VisualStudioVersion = 17.0.31903.59
MinimumVisualStudioVersion = 10.0.40219.1
Project("{FAE04EC0-301F-11D3-BF4B-00C04F79EFBC}") = "MarkovTextGeneration", "src\MarkovTextGeneration.csproj", "{34728795-C01E-4FE3-B210-DE307D50A961}"
EndProject
Project("{FAE04EC0-301F-11D3-BF4B-00C04F79EFBC}") = "references", "references\references.csproj", "{07AA3DA3-D8AC-4EB2-8190-EA847149203F}"
EndProject
Global
	GlobalSection(SolutionConfigurationPlatforms) = preSolution
		Debug|Any CPU = Debug|Any CPU
		Release|Any CPU = Release|Any CPU
	EndGlobalSection
	GlobalSection(SolutionProperties) = preSolution
		HideSolutionNode = FALSE
	EndGlobalSection
	GlobalSection(ProjectConfigurationPlatforms) = postSolution
		{34728795-C01E-4FE3-B210-DE307D50A961}.Debug|Any CPU.ActiveCfg = Debug|Any CPU
		{34728795-C01E-4FE3-B210-DE307D50A961}.Debug|Any CPU.Build.0 = Debug|Any CPU
		{34728795-C01E-4FE3-B210-DE307D50A961}.Release|Any CPU.ActiveCfg = Release|Any CPU
		{34728795-C01E-4FE3-B210-DE307D50A961}.Release|Any CPU.Build.0 = Release|Any CPU
		{07AA3DA3-D8AC-4EB2-8190-EA847149203F}.Debug|Any CPU.ActiveCfg = Debug|Any CPU
		{07AA3DA3-D8AC-4EB2-8190-EA847149203F}.Debug|Any CPU.Build.0 = Debug|Any CPU
		{07AA3DA3-D8AC-4EB2-8190-EA847149203F}.Release|Any CPU.ActiveCfg = Release|Any CPU
		{07AA3DA3-D8AC-4EB2-8190-EA847149203F}.Release|Any CPU.Build.0 = Release|Any CPU
	EndGlobalSection
EndGlobal
